Microsoft Visual Studio Solution File, Format Version 12.00
# Visual Studio Version 17
VisualStudioVersion = 17.5.2.0
MinimumVisualStudioVersion = 10.0.40219.1
Project("{FAE04EC0-301F-11D3-BF4B-00C04F79EFBC}") = "DriverVerificationAPI", "DriverVerificationAPI\DriverVerificationAPI.csproj", "{1D34FF5C-F47D-A54B-6AAC-DF83FE16091D}"
EndProject
Global
	GlobalSection(SolutionConfigurationPlatforms) = preSolution
		Debug|Any CPU = Debug|Any CPU
		Release|Any CPU = Release|Any CPU
	EndGlobalSection
	GlobalSection(ProjectConfigurationPlatforms) = postSolution
		{1D34FF5C-F47D-A54B-6AAC-DF83FE16091D}.Debug|Any CPU.ActiveCfg = Debug|Any CPU
		{1D34FF5C-F47D-A54B-6AAC-DF83FE16091D}.Debug|Any CPU.Build.0 = Debug|Any CPU
		{1D34FF5C-F47D-A54B-6AAC-DF83FE16091D}.Release|Any CPU.ActiveCfg = Release|Any CPU
		{1D34FF5C-F47D-A54B-6AAC-DF83FE16091D}.Release|Any CPU.Build.0 = Release|Any CPU
	EndGlobalSection
	GlobalSection(SolutionProperties) = preSolution
		HideSolutionNode = FALSE
	EndGlobalSection
	GlobalSection(ExtensibilityGlobals) = postSolution
		SolutionGuid = {B90FAADE-B122-4398-A977-48400E060240}
	EndGlobalSection
EndGlobal
